// !$*UTF8*$!
{
	archiveVersion = 1;
	classes = {
	};
	objectVersion = 77;
	objects = {

/* Begin PBXContainerItemProxy section */
		443CACC32D92E2DE006AA89C /* PBXContainerItemProxy */ = {
			isa = PBXContainerItemProxy;
			containerPortal = 443CACA72D92E2DC006AA89C /* Project object */;
			proxyType = 1;
			remoteGlobalIDString = 443CACAE2D92E2DC006AA89C;
			remoteInfo = StickyPlainPad;
		};
		443CACCD2D92E2DE006AA89C /* PBXContainerItemProxy */ = {
			isa = PBXContainerItemProxy;
			containerPortal = 443CACA72D92E2DC006AA89C /* Project object */;
			proxyType = 1;
			remoteGlobalIDString = 443CACAE2D92E2DC006AA89C;
			remoteInfo = StickyPlainPad;
		};
/* End PBXContainerItemProxy section */

/* Begin PBXFileReference section */
		443CACAF2D92E2DC006AA89C /* StickyPlainPad.app */ = {isa = PBXFileReference; explicitFileType = wrapper.application; includeInIndex = 0; path = StickyPlainPad.app; sourceTree = BUILT_PRODUCTS_DIR; };
		443CACC22D92E2DE006AA89C /* StickyPlainPadTests.xctest */ = {isa = PBXFileReference; explicitFileType = wrapper.cfbundle; includeInIndex = 0; path = StickyPlainPadTests.xctest; sourceTree = BUILT_PRODUCTS_DIR; };
		443CACCC2D92E2DE006AA89C /* StickyPlainPadUITests.xctest */ = {isa = PBXFileReference; explicitFileType = wrapper.cfbundle; includeInIndex = 0; path = StickyPlainPadUITests.xctest; sourceTree = BUILT_PRODUCTS_DIR; };
/* End PBXFileReference section */

/* Begin PBXFileSystemSynchronizedBuildFileExceptionSet section */
		449FBE2A2D9706E600A3A6CC /* Exceptions for "StickyPlainPad" folder in "StickyPlainPad" target */ = {
			isa = PBXFileSystemSynchronizedBuildFileExceptionSet;
			membershipExceptions = (
				Info.plist,
			);
			target = 443CACAE2D92E2DC006AA89C /* StickyPlainPad */;
		};
/* End PBXFileSystemSynchronizedBuildFileExceptionSet section */

/* Begin PBXFileSystemSynchronizedRootGroup section */
		443CACB12D92E2DC006AA89C /* StickyPlainPad */ = {
			isa = PBXFileSystemSynchronizedRootGroup;
			exceptions = (
				449FBE2A2D9706E600A3A6CC /* Exceptions for "StickyPlainPad" folder in "StickyPlainPad" target */,
			);
			path = StickyPlainPad;
			sourceTree = "<group>";
		};
		443CACC52D92E2DE006AA89C /* StickyPlainPadTests */ = {
			isa = PBXFileSystemSynchronizedRootGroup;
			path = StickyPlainPadTests;
			sourceTree = "<group>";
		};
		443CACCF2D92E2DE006AA89C /* StickyPlainPadUITests */ = {
			isa = PBXFileSystemSynchronizedRootGroup;
			path = StickyPlainPadUITests;
			sourceTree = "<group>";
		};
		44F0C0282DB544E1002F93C6 /* App Manual */ = {
			isa = PBXFileSystemSynchronizedRootGroup;
			path = "App Manual";
			sourceTree = "<group>";
		};
/* End PBXFileSystemSynchronizedRootGroup section */

/* Begin PBXFrameworksBuildPhase section */
		443CACAC2D92E2DC006AA89C /* Frameworks */ = {
			isa = PBXFrameworksBuildPhase;
			buildActionMask = 2147483647;
			files = (
			);
			runOnlyForDeploymentPostprocessing = 0;
		};
		443CACBF2D92E2DE006AA89C /* Frameworks */ = {
			isa = PBXFrameworksBuildPhase;
			buildActionMask = 2147483647;
			files = (
			);
			runOnlyForDeploymentPostprocessing = 0;
		};
		443CACC92D92E2DE006AA89C /* Frameworks */ = {
			isa = PBXFrameworksBuildPhase;
			buildActionMask = 2147483647;
			files = (
			);
			runOnlyForDeploymentPostprocessing = 0;
		};
/* End PBXFrameworksBuildPhase section */

/* Begin PBXGroup section */
		443CACA62D92E2DC006AA89C = {
			isa = PBXGroup;
			children = (
				44F0C0282DB544E1002F93C6 /* App Manual */,
				443CACB12D92E2DC006AA89C /* StickyPlainPad */,
				443CACC52D92E2DE006AA89C /* StickyPlainPadTests */,
				443CACCF2D92E2DE006AA89C /* StickyPlainPadUITests */,
				443CACB02D92E2DC006AA89C /* Products */,
			);
			sourceTree = "<group>";
		};
		443CACB02D92E2DC006AA89C /* Products */ = {
			isa = PBXGroup;
			children = (
				443CACAF2D92E2DC006AA89C /* StickyPlainPad.app */,
				443CACC22D92E2DE006AA89C /* StickyPlainPadTests.xctest */,
				443CACCC2D92E2DE006AA89C /* StickyPlainPadUITests.xctest */,
			);
			name = Products;
			sourceTree = "<group>";
		};
/* End PBXGroup section */

/* Begin PBXNativeTarget section */
		443CACAE2D92E2DC006AA89C /* StickyPlainPad */ = {
			isa = PBXNativeTarget;
			buildConfigurationList = 443CACD62D92E2DE006AA89C /* Build configuration list for PBXNativeTarget "StickyPlainPad" */;
			buildPhases = (
				443CACAB2D92E2DC006AA89C /* Sources */,
				443CACAC2D92E2DC006AA89C /* Frameworks */,
				443CACAD2D92E2DC006AA89C /* Resources */,
			);
			buildRules = (
			);
			dependencies = (
			);
			fileSystemSynchronizedGroups = (
				443CACB12D92E2DC006AA89C /* StickyPlainPad */,
				44F0C0282DB544E1002F93C6 /* App Manual */,
			);
			name = StickyPlainPad;
			packageProductDependencies = (
			);
			productName = StickyPlainPad;
			productReference = 443CACAF2D92E2DC006AA89C /* StickyPlainPad.app */;
			productType = "com.apple.product-type.application";
		};
		443CACC12D92E2DE006AA89C /* StickyPlainPadTests */ = {
			isa = PBXNativeTarget;
			buildConfigurationList = 443CACD92D92E2DE006AA89C /* Build configuration list for PBXNativeTarget "StickyPlainPadTests" */;
			buildPhases = (
				443CACBE2D92E2DE006AA89C /* Sources */,
				443CACBF2D92E2DE006AA89C /* Frameworks */,
				443CACC02D92E2DE006AA89C /* Resources */,
			);
			buildRules = (
			);
			dependencies = (
				443CACC42D92E2DE006AA89C /* PBXTargetDependency */,
			);
			fileSystemSynchronizedGroups = (
				443CACC52D92E2DE006AA89C /* StickyPlainPadTests */,
			);
			name = StickyPlainPadTests;
			packageProductDependencies = (
			);
			productName = StickyPlainPadTests;
			productReference = 443CACC22D92E2DE006AA89C /* StickyPlainPadTests.xctest */;
			productType = "com.apple.product-type.bundle.unit-test";
		};
		443CACCB2D92E2DE006AA89C /* StickyPlainPadUITests */ = {
			isa = PBXNativeTarget;
			buildConfigurationList = 443CACDC2D92E2DE006AA89C /* Build configuration list for PBXNativeTarget "StickyPlainPadUITests" */;
			buildPhases = (
				443CACC82D92E2DE006AA89C /* Sources */,
				443CACC92D92E2DE006AA89C /* Frameworks */,
				443CACCA2D92E2DE006AA89C /* Resources */,
			);
			buildRules = (
			);
			dependencies = (
				443CACCE2D92E2DE006AA89C /* PBXTargetDependency */,
			);
			fileSystemSynchronizedGroups = (
				443CACCF2D92E2DE006AA89C /* StickyPlainPadUITests */,
			);
			name = StickyPlainPadUITests;
			packageProductDependencies = (
			);
			productName = StickyPlainPadUITests;
			productReference = 443CACCC2D92E2DE006AA89C /* StickyPlainPadUITests.xctest */;
			productType = "com.apple.product-type.bundle.ui-testing";
		};
/* End PBXNativeTarget section */

/* Begin PBXProject section */
		443CACA72D92E2DC006AA89C /* Project object */ = {
			isa = PBXProject;
			attributes = {
				BuildIndependentTargetsInParallel = 1;
				LastSwiftUpdateCheck = 1620;
				LastUpgradeCheck = 1620;
				TargetAttributes = {
					443CACAE2D92E2DC006AA89C = {
						CreatedOnToolsVersion = 16.2;
					};
					443CACC12D92E2DE006AA89C = {
						CreatedOnToolsVersion = 16.2;
						TestTargetID = 443CACAE2D92E2DC006AA89C;
					};
					443CACCB2D92E2DE006AA89C = {
						CreatedOnToolsVersion = 16.2;
						TestTargetID = 443CACAE2D92E2DC006AA89C;
					};
				};
			};
			buildConfigurationList = 443CACAA2D92E2DC006AA89C /* Build configuration list for PBXProject "StickyPlainPad" */;
			developmentRegion = en;
			hasScannedForEncodings = 0;
			knownRegions = (
				en,
				Base,
				ko,
				ja,
			);
			mainGroup = 443CACA62D92E2DC006AA89C;
			minimizedProjectReferenceProxies = 1;
			preferredProjectObjectVersion = 77;
			productRefGroup = 443CACB02D92E2DC006AA89C /* Products */;
			projectDirPath = "";
			projectRoot = "";
			targets = (
				443CACAE2D92E2DC006AA89C /* StickyPlainPad */,
				443CACC12D92E2DE006AA89C /* StickyPlainPadTests */,
				443CACCB2D92E2DE006AA89C /* StickyPlainPadUITests */,
			);
		};
/* End PBXProject section */

/* Begin PBXResourcesBuildPhase section */
		443CACAD2D92E2DC006AA89C /* Resources */ = {
			isa = PBXResourcesBuildPhase;
			buildActionMask = 2147483647;
			files = (
			);
			runOnlyForDeploymentPostprocessing = 0;
		};
		443CACC02D92E2DE006AA89C /* Resources */ = {
			isa = PBXResourcesBuildPhase;
			buildActionMask = 2147483647;
			files = (
			);
			runOnlyForDeploymentPostprocessing = 0;
		};
		443CACCA2D92E2DE006AA89C /* Resources */ = {
			isa = PBXResourcesBuildPhase;
			buildActionMask = 2147483647;
			files = (
			);
			runOnlyForDeploymentPostprocessing = 0;
		};
/* End PBXResourcesBuildPhase section */

/* Begin PBXSourcesBuildPhase section */
		443CACAB2D92E2DC006AA89C /* Sources */ = {
			isa = PBXSourcesBuildPhase;
			buildActionMask = 2147483647;
			files = (
			);
			runOnlyForDeploymentPostprocessing = 0;
		};
		443CACBE2D92E2DE006AA89C /* Sources */ = {
			isa = PBXSourcesBuildPhase;
			buildActionMask = 2147483647;
			files = (
			);
			runOnlyForDeploymentPostprocessing = 0;
		};
		443CACC82D92E2DE006AA89C /* Sources */ = {
			isa = PBXSourcesBuildPhase;
			buildActionMask = 2147483647;
			files = (
			);
			runOnlyForDeploymentPostprocessing = 0;
		};
/* End PBXSourcesBuildPhase section */

/* Begin PBXTargetDependency section */
		443CACC42D92E2DE006AA89C /* PBXTargetDependency */ = {
			isa = PBXTargetDependency;
			target = 443CACAE2D92E2DC006AA89C /* StickyPlainPad */;
			targetProxy = 443CACC32D92E2DE006AA89C /* PBXContainerItemProxy */;
		};
		443CACCE2D92E2DE006AA89C /* PBXTargetDependency */ = {
			isa = PBXTargetDependency;
			target = 443CACAE2D92E2DC006AA89C /* StickyPlainPad */;
			targetProxy = 443CACCD2D92E2DE006AA89C /* PBXContainerItemProxy */;
		};
/* End PBXTargetDependency section */

/* Begin XCBuildConfiguration section */
		443CACD42D92E2DE006AA89C /* Debug */ = {
			isa = XCBuildConfiguration;
			buildSettings = {
				ALWAYS_SEARCH_USER_PATHS = NO;
				ASSETCATALOG_COMPILER_GENERATE_SWIFT_ASSET_SYMBOL_EXTENSIONS = YES;
				CLANG_ANALYZER_NONNULL = YES;
				CLANG_ANALYZER_NUMBER_OBJECT_CONVERSION = YES_AGGRESSIVE;
				CLANG_CXX_LANGUAGE_STANDARD = "gnu++20";
				CLANG_ENABLE_MODULES = YES;
				CLANG_ENABLE_OBJC_ARC = YES;
				CLANG_ENABLE_OBJC_WEAK = YES;
				CLANG_WARN_BLOCK_CAPTURE_AUTORELEASING = YES;
				CLANG_WARN_BOOL_CONVERSION = YES;
				CLANG_WARN_COMMA = YES;
				CLANG_WARN_CONSTANT_CONVERSION = YES;
				CLANG_WARN_DEPRECATED_OBJC_IMPLEMENTATIONS = YES;
				CLANG_WARN_DIRECT_OBJC_ISA_USAGE = YES_ERROR;
				CLANG_WARN_DOCUMENTATION_COMMENTS = YES;
				CLANG_WARN_EMPTY_BODY = YES;
				CLANG_WARN_ENUM_CONVERSION = YES;
				CLANG_WARN_INFINITE_RECURSION = YES;
				CLANG_WARN_INT_CONVERSION = YES;
				CLANG_WARN_NON_LITERAL_NULL_CONVERSION = YES;
				CLANG_WARN_OBJC_IMPLICIT_RETAIN_SELF = YES;
				CLANG_WARN_OBJC_LITERAL_CONVERSION = YES;
				CLANG_WARN_OBJC_ROOT_CLASS = YES_ERROR;
				CLANG_WARN_QUOTED_INCLUDE_IN_FRAMEWORK_HEADER = YES;
				CLANG_WARN_RANGE_LOOP_ANALYSIS = YES;
				CLANG_WARN_STRICT_PROTOTYPES = YES;
				CLANG_WARN_SUSPICIOUS_MOVE = YES;
				CLANG_WARN_UNGUARDED_AVAILABILITY = YES_AGGRESSIVE;
				CLANG_WARN_UNREACHABLE_CODE = YES;
				CLANG_WARN__DUPLICATE_METHOD_MATCH = YES;
				COPY_PHASE_STRIP = NO;
				DEBUG_INFORMATION_FORMAT = dwarf;
				ENABLE_STRICT_OBJC_MSGSEND = YES;
				ENABLE_TESTABILITY = YES;
				ENABLE_USER_SCRIPT_SANDBOXING = YES;
				GCC_C_LANGUAGE_STANDARD = gnu17;
				GCC_DYNAMIC_NO_PIC = NO;
				GCC_NO_COMMON_BLOCKS = YES;
				GCC_OPTIMIZATION_LEVEL = 0;
				GCC_PREPROCESSOR_DEFINITIONS = (
					"DEBUG=1",
					"$(inherited)",
				);
				GCC_WARN_64_TO_32_BIT_CONVERSION = YES;
				GCC_WARN_ABOUT_RETURN_TYPE = YES_ERROR;
				GCC_WARN_UNDECLARED_SELECTOR = YES;
				GCC_WARN_UNINITIALIZED_AUTOS = YES_AGGRESSIVE;
				GCC_WARN_UNUSED_FUNCTION = YES;
				GCC_WARN_UNUSED_VARIABLE = YES;
				LOCALIZATION_PREFERS_STRING_CATALOGS = YES;
				MACOSX_DEPLOYMENT_TARGET = 15.2;
				MTL_ENABLE_DEBUG_INFO = INCLUDE_SOURCE;
				MTL_FAST_MATH = YES;
				ONLY_ACTIVE_ARCH = YES;
				SDKROOT = macosx;
				SWIFT_ACTIVE_COMPILATION_CONDITIONS = "DEBUG $(inherited)";
				SWIFT_OPTIMIZATION_LEVEL = "-Onone";
			};
			name = Debug;
		};
		443CACD52D92E2DE006AA89C /* Release */ = {
			isa = XCBuildConfiguration;
			buildSettings = {
				ALWAYS_SEARCH_USER_PATHS = NO;
				ASSETCATALOG_COMPILER_GENERATE_SWIFT_ASSET_SYMBOL_EXTENSIONS = YES;
				CLANG_ANALYZER_NONNULL = YES;
				CLANG_ANALYZER_NUMBER_OBJECT_CONVERSION = YES_AGGRESSIVE;
				CLANG_CXX_LANGUAGE_STANDARD = "gnu++20";
				CLANG_ENABLE_MODULES = YES;
				CLANG_ENABLE_OBJC_ARC = YES;
				CLANG_ENABLE_OBJC_WEAK = YES;
				CLANG_WARN_BLOCK_CAPTURE_AUTORELEASING = YES;
				CLANG_WARN_BOOL_CONVERSION = YES;
				CLANG_WARN_COMMA = YES;
				CLANG_WARN_CONSTANT_CONVERSION = YES;
				CLANG_WARN_DEPRECATED_OBJC_IMPLEMENTATIONS = YES;
				CLANG_WARN_DIRECT_OBJC_ISA_USAGE = YES_ERROR;
				CLANG_WARN_DOCUMENTATION_COMMENTS = YES;
				CLANG_WARN_EMPTY_BODY = YES;
				CLANG_WARN_ENUM_CONVERSION = YES;
				CLANG_WARN_INFINITE_RECURSION = YES;
				CLANG_WARN_INT_CONVERSION = YES;
				CLANG_WARN_NON_LITERAL_NULL_CONVERSION = YES;
				CLANG_WARN_OBJC_IMPLICIT_RETAIN_SELF = YES;
				CLANG_WARN_OBJC_LITERAL_CONVERSION = YES;
				CLANG_WARN_OBJC_ROOT_CLASS = YES_ERROR;
				CLANG_WARN_QUOTED_INCLUDE_IN_FRAMEWORK_HEADER = YES;
				CLANG_WARN_RANGE_LOOP_ANALYSIS = YES;
				CLANG_WARN_STRICT_PROTOTYPES = YES;
				CLANG_WARN_SUSPICIOUS_MOVE = YES;
				CLANG_WARN_UNGUARDED_AVAILABILITY = YES_AGGRESSIVE;
				CLANG_WARN_UNREACHABLE_CODE = YES;
				CLANG_WARN__DUPLICATE_METHOD_MATCH = YES;
				COPY_PHASE_STRIP = NO;
				DEBUG_INFORMATION_FORMAT = "dwarf-with-dsym";
				ENABLE_NS_ASSERTIONS = NO;
				ENABLE_STRICT_OBJC_MSGSEND = YES;
				ENABLE_USER_SCRIPT_SANDBOXING = YES;
				GCC_C_LANGUAGE_STANDARD = gnu17;
				GCC_NO_COMMON_BLOCKS = YES;
				GCC_WARN_64_TO_32_BIT_CONVERSION = YES;
				GCC_WARN_ABOUT_RETURN_TYPE = YES_ERROR;
				GCC_WARN_UNDECLARED_SELECTOR = YES;
				GCC_WARN_UNINITIALIZED_AUTOS = YES_AGGRESSIVE;
				GCC_WARN_UNUSED_FUNCTION = YES;
				GCC_WARN_UNUSED_VARIABLE = YES;
				LOCALIZATION_PREFERS_STRING_CATALOGS = YES;
				MACOSX_DEPLOYMENT_TARGET = 15.2;
				MTL_ENABLE_DEBUG_INFO = NO;
				MTL_FAST_MATH = YES;
				SDKROOT = macosx;
				SWIFT_COMPILATION_MODE = wholemodule;
			};
			name = Release;
		};
		443CACD72D92E2DE006AA89C /* Debug */ = {
			isa = XCBuildConfiguration;
			buildSettings = {
				ASSETCATALOG_COMPILER_APPICON_NAME = AppIcon;
				ASSETCATALOG_COMPILER_GLOBAL_ACCENT_COLOR_NAME = AccentColor;
				ASSETCATALOG_COMPILER_INCLUDE_ALL_APPICON_ASSETS = YES;
				CODE_SIGN_ENTITLEMENTS = StickyPlainPad/StickyPlainPad.entitlements;
				CODE_SIGN_STYLE = Automatic;
				COMBINE_HIDPI_IMAGES = YES;
				CURRENT_PROJECT_VERSION = 2;
				DEVELOPMENT_ASSET_PATHS = "\"StickyPlainPad/Preview Content\"";
				DEVELOPMENT_TEAM = 6S2SA26VAN;
				ENABLE_HARDENED_RUNTIME = YES;
				ENABLE_PREVIEWS = YES;
				GENERATE_INFOPLIST_FILE = YES;
				INFOPLIST_FILE = StickyPlainPad/Info.plist;
				INFOPLIST_KEY_LSApplicationCategoryType = "public.app-category.utilities";
				INFOPLIST_KEY_NSHumanReadableCopyright = "";
				LD_RUNPATH_SEARCH_PATHS = (
					"$(inherited)",
					"@executable_path/../Frameworks",
				);
				MACOSX_DEPLOYMENT_TARGET = 14.0;
				MARKETING_VERSION = 1.0;
				PRODUCT_BUNDLE_IDENTIFIER = com.bgsmm.StickyPlainPad;
				PRODUCT_NAME = "$(TARGET_NAME)";
				SWIFT_EMIT_LOC_STRINGS = YES;
				SWIFT_VERSION = 5.0;
			};
			name = Debug;
		};
		443CACD82D92E2DE006AA89C /* Release */ = {
			isa = XCBuildConfiguration;
			buildSettings = {
				ASSETCATALOG_COMPILER_APPICON_NAME = AppIcon;
				ASSETCATALOG_COMPILER_GLOBAL_ACCENT_COLOR_NAME = AccentColor;
				ASSETCATALOG_COMPILER_INCLUDE_ALL_APPICON_ASSETS = YES;
				CODE_SIGN_ENTITLEMENTS = StickyPlainPad/StickyPlainPad.entitlements;
				CODE_SIGN_STYLE = Automatic;
				COMBINE_HIDPI_IMAGES = YES;
				CURRENT_PROJECT_VERSION = 2;
				DEVELOPMENT_ASSET_PATHS = "\"StickyPlainPad/Preview Content\"";
				DEVELOPMENT_TEAM = 6S2SA26VAN;
				ENABLE_HARDENED_RUNTIME = YES;
				ENABLE_PREVIEWS = YES;
				GENERATE_INFOPLIST_FILE = YES;
				INFOPLIST_FILE = StickyPlainPad/Info.plist;
				INFOPLIST_KEY_LSApplicationCategoryType = "public.app-category.utilities";
				INFOPLIST_KEY_NSHumanReadableCopyright = "";
				LD_RUNPATH_SEARCH_PATHS = (
					"$(inherited)",
					"@executable_path/../Frameworks",
				);
				MACOSX_DEPLOYMENT_TARGET = 14.0;
				MARKETING_VERSION = 1.0;
				PRODUCT_BUNDLE_IDENTIFIER = com.bgsmm.StickyPlainPad;
				PRODUCT_NAME = "$(TARGET_NAME)";
				SWIFT_EMIT_LOC_STRINGS = YES;
				SWIFT_VERSION = 5.0;
			};
			name = Release;
		};
		443CACDA2D92E2DE006AA89C /* Debug */ = {
			isa = XCBuildConfiguration;
			buildSettings = {
				BUNDLE_LOADER = "$(TEST_HOST)";
				CODE_SIGN_STYLE = Automatic;
				CURRENT_PROJECT_VERSION = 1;
				DEVELOPMENT_TEAM = 6S2SA26VAN;
				GENERATE_INFOPLIST_FILE = YES;
				MACOSX_DEPLOYMENT_TARGET = 14.0;
				MARKETING_VERSION = 1.0;
				PRODUCT_BUNDLE_IDENTIFIER = com.bgsmm.StickyPlainPadTests;
				PRODUCT_NAME = "$(TARGET_NAME)";
				SWIFT_EMIT_LOC_STRINGS = NO;
				SWIFT_VERSION = 5.0;
				TEST_HOST = "$(BUILT_PRODUCTS_DIR)/StickyPlainPad.app/$(BUNDLE_EXECUTABLE_FOLDER_PATH)/StickyPlainPad";
			};
			name = Debug;
		};
		443CACDB2D92E2DE006AA89C /* Release */ = {
			isa = XCBuildConfiguration;
			buildSettings = {
				BUNDLE_LOADER = "$(TEST_HOST)";
				CODE_SIGN_STYLE = Automatic;
				CURRENT_PROJECT_VERSION = 1;
				DEVELOPMENT_TEAM = 6S2SA26VAN;
				GENERATE_INFOPLIST_FILE = YES;
				MACOSX_DEPLOYMENT_TARGET = 14.0;
				MARKETING_VERSION = 1.0;
				PRODUCT_BUNDLE_IDENTIFIER = com.bgsmm.StickyPlainPadTests;
				PRODUCT_NAME = "$(TARGET_NAME)";
				SWIFT_EMIT_LOC_STRINGS = NO;
				SWIFT_VERSION = 5.0;
				TEST_HOST = "$(BUILT_PRODUCTS_DIR)/StickyPlainPad.app/$(BUNDLE_EXECUTABLE_FOLDER_PATH)/StickyPlainPad";
			};
			name = Release;
		};
		443CACDD2D92E2DE006AA89C /* Debug */ = {
			isa = XCBuildConfiguration;
			buildSettings = {
				CODE_SIGN_STYLE = Automatic;
				CURRENT_PROJECT_VERSION = 1;
				DEVELOPMENT_TEAM = 6S2SA26VAN;
				GENERATE_INFOPLIST_FILE = YES;
				MARKETING_VERSION = 1.0;
				PRODUCT_BUNDLE_IDENTIFIER = com.bgsmm.StickyPlainPadUITests;
				PRODUCT_NAME = "$(TARGET_NAME)";
				SWIFT_EMIT_LOC_STRINGS = NO;
				SWIFT_VERSION = 5.0;
				TEST_TARGET_NAME = StickyPlainPad;
			};
			name = Debug;
		};
		443CACDE2D92E2DE006AA89C /* Release */ = {
			isa = XCBuildConfiguration;
			buildSettings = {
				CODE_SIGN_STYLE = Automatic;
				CURRENT_PROJECT_VERSION = 1;
				DEVELOPMENT_TEAM = 6S2SA26VAN;
				GENERATE_INFOPLIST_FILE = YES;
				MARKETING_VERSION = 1.0;
				PRODUCT_BUNDLE_IDENTIFIER = com.bgsmm.StickyPlainPadUITests;
				PRODUCT_NAME = "$(TARGET_NAME)";
				SWIFT_EMIT_LOC_STRINGS = NO;
				SWIFT_VERSION = 5.0;
				TEST_TARGET_NAME = StickyPlainPad;
			};
			name = Release;
		};
/* End XCBuildConfiguration section */

/* Begin XCConfigurationList section */
		443CACAA2D92E2DC006AA89C /* Build configuration list for PBXProject "StickyPlainPad" */ = {
			isa = XCConfigurationList;
			buildConfigurations = (
				443CACD42D92E2DE006AA89C /* Debug */,
				443CACD52D92E2DE006AA89C /* Release */,
			);
			defaultConfigurationIsVisible = 0;
			defaultConfigurationName = Release;
		};
		443CACD62D92E2DE006AA89C /* Build configuration list for PBXNativeTarget "StickyPlainPad" */ = {
			isa = XCConfigurationList;
			buildConfigurations = (
				443CACD72D92E2DE006AA89C /* Debug */,
				443CACD82D92E2DE006AA89C /* Release */,
			);
			defaultConfigurationIsVisible = 0;
			defaultConfigurationName = Release;
		};
		443CACD92D92E2DE006AA89C /* Build configuration list for PBXNativeTarget "StickyPlainPadTests" */ = {
			isa = XCConfigurationList;
			buildConfigurations = (
				443CACDA2D92E2DE006AA89C /* Debug */,
				443CACDB2D92E2DE006AA89C /* Release */,
			);
			defaultConfigurationIsVisible = 0;
			defaultConfigurationName = Release;
		};
		443CACDC2D92E2DE006AA89C /* Build configuration list for PBXNativeTarget "StickyPlainPadUITests" */ = {
			isa = XCConfigurationList;
			buildConfigurations = (
				443CACDD2D92E2DE006AA89C /* Debug */,
				443CACDE2D92E2DE006AA89C /* Release */,
			);
			defaultConfigurationIsVisible = 0;
			defaultConfigurationName = Release;
		};
/* End XCConfigurationList section */
	};
	rootObject = 443CACA72D92E2DC006AA89C /* Project object */;
}
